
Microsoft Visual Studio Solution File, Format Version 12.00
# Visual Studio Version 17
VisualStudioVersion = 17.5.002.0
MinimumVisualStudioVersion = 10.0.40219.1
Project("{9A19103F-16F7-4668-BE54-9A1E7A4F7556}") = "APL2007M2Sample2", "APL2007M2Sample2.csproj", "{D9851ADA-0C4B-4A11-A39F-1BF8BD8501A4}"
EndProject
Project("{FAE04EC0-301F-11D3-BF4B-00C04F79EFBC}") = "TestApp", "..\TestApp\TestApp.csproj", "{8552CEB6-EFBE-4552-BC2F-6E9EBB89DB98}"
EndProject
Global
	GlobalSection(SolutionConfigurationPlatforms) = preSolution
		Debug|Any CPU = Debug|Any CPU
		Release|Any CPU = Release|Any CPU
	EndGlobalSection
	GlobalSection(ProjectConfigurationPlatforms) = postSolution
		{D9851ADA-0C4B-4A11-A39F-1BF8BD8501A4}.Debug|Any CPU.ActiveCfg = Debug|Any CPU
		{D9851ADA-0C4B-4A11-A39F-1BF8BD8501A4}.Debug|Any CPU.Build.0 = Debug|Any CPU
		{D9851ADA-0C4B-4A11-A39F-1BF8BD8501A4}.Release|Any CPU.ActiveCfg = Release|Any CPU
		{D9851ADA-0C4B-4A11-A39F-1BF8BD8501A4}.Release|Any CPU.Build.0 = Release|Any CPU
		{8552CEB6-EFBE-4552-BC2F-6E9EBB89DB98}.Debug|Any CPU.ActiveCfg = Debug|Any CPU
		{8552CEB6-EFBE-4552-BC2F-6E9EBB89DB98}.Debug|Any CPU.Build.0 = Debug|Any CPU
		{8552CEB6-EFBE-4552-BC2F-6E9EBB89DB98}.Release|Any CPU.ActiveCfg = Release|Any CPU
		{8552CEB6-EFBE-4552-BC2F-6E9EBB89DB98}.Release|Any CPU.Build.0 = Release|Any CPU
	EndGlobalSection
	GlobalSection(SolutionProperties) = preSolution
		HideSolutionNode = FALSE
	EndGlobalSection
	GlobalSection(ExtensibilityGlobals) = postSolution
		SolutionGuid = {EC917B56-25F3-4E0B-B323-320BAC0A70DC}
	EndGlobalSection
EndGlobal
